// !$*UTF8*$!
{
	archiveVersion = 1;
	classes = {
	};
	objectVersion = 77;
	objects = {

/* Begin PBXBuildFile section */
		000A9EA01DBF154A3E552175 /* bravo.m4a in Resources */ = {isa = PBXBuildFile; fileRef = E14B4F5EE329EC479274C3C3 /* bravo.m4a */; };
		002B9275C1F8BAF2AF1224E9 /* AppModel.swift in Sources */ = {isa = PBXBuildFile; fileRef = CF68E300659D59B9D246BAC3 /* AppModel.swift */; };
		03D692AE3AD45DC267B67636 /* speech.m4b in Resources */ = {isa = PBXBuildFile; fileRef = B89FEB3A4F967789A7FC3BD6 /* speech.m4b */; };
		096F7A94BAC7A89368A02F17 /* AudioPlayerEngine.swift in Sources */ = {isa = PBXBuildFile; fileRef = 464E1AC84832699AF5B87704 /* AudioPlayerEngine.swift */; };
		127CAA9E5B24B3DF6385F8DD /* ImportSheet.swift in Sources */ = {isa = PBXBuildFile; fileRef = A4233A13AB0497BAA08A351A /* ImportSheet.swift */; };
		17C1574A4A84F31D49390B9F /* ScanState.swift in Sources */ = {isa = PBXBuildFile; fileRef = DB795CD55421B2E2875CCFAC /* ScanState.swift */; };
		274FAA8144E7DC7BFF72FE7F /* Assets.xcassets in Resources */ = {isa = PBXBuildFile; fileRef = 43E17E8FDC89344B84C8A14F /* Assets.xcassets */; };
		28D864B70BE91E99333A5216 /* NoteCaptureTests.swift in Sources */ = {isa = PBXBuildFile; fileRef = 2FB95EFA676EB7F3809FF0AA /* NoteCaptureTests.swift */; };
		2C28AB61C54A3B96191DE48B /* NoteSheet.swift in Sources */ = {isa = PBXBuildFile; fileRef = 19F29C17986EBF56D5207384 /* NoteSheet.swift */; };
		31782C6AD9FE24E00BBCEB95 /* CoverFallbackTests.swift in Sources */ = {isa = PBXBuildFile; fileRef = 93BE013394F91F229AF8FC13 /* CoverFallbackTests.swift */; };
		38C216005B1C7A1F3A9C1236 /* SleepTimerTests.swift in Sources */ = {isa = PBXBuildFile; fileRef = 42BB6D01CBDB0F9F4DADAF36 /* SleepTimerTests.swift */; };
		3A272DA9F3988FCF4A847091 /* PageOCR.swift in Sources */ = {isa = PBXBuildFile; fileRef = 214E28C29B8E538DF7B96740 /* PageOCR.swift */; };
		4000A45A545DCACFADB0DD14 /* ListnrApp.swift in Sources */ = {isa = PBXBuildFile; fileRef = 9FBF2B51C6415235C96F45D2 /* ListnrApp.swift */; };
		48D809D0605CAA3FAA7DFC43 /* alpha.m4a in Resources */ = {isa = PBXBuildFile; fileRef = DEB0F99EA26ADA5E0A0ADEF5 /* alpha.m4a */; };
		4A9C717E75BC4A7D3E1C2397 /* Models.swift in Sources */ = {isa = PBXBuildFile; fileRef = ECC7E8845BFF03910E8D5585 /* Models.swift */; };
		4D56A2206EC8E55EBAE9AF29 /* chapters.m4b in Resources */ = {isa = PBXBuildFile; fileRef = 01608901160A31A541759D93 /* chapters.m4b */; };
		4F8D3C53658801565BC759FC /* LibraryIndexer.swift in Sources */ = {isa = PBXBuildFile; fileRef = 57E9171BBE750E54F02A57A8 /* LibraryIndexer.swift */; };
		4FA27872DAF11FEF55D655EB /* ChapterMathTests.swift in Sources */ = {isa = PBXBuildFile; fileRef = D871A16A0ACECEEAED864262 /* ChapterMathTests.swift */; };
		502BB41AE7270EDCAB0F56C5 /* charlie.m4a in Resources */ = {isa = PBXBuildFile; fileRef = 895873A545837EA7DB72C474 /* charlie.m4a */; };
		54A6BDD9BB067F156D108405 /* ChapterMath.swift in Sources */ = {isa = PBXBuildFile; fileRef = 859B9A6243565825DCA316E3 /* ChapterMath.swift */; };
		5E08C0553DAC0D3735183362 /* ListnrUITests.swift in Sources */ = {isa = PBXBuildFile; fileRef = AE79C55D6541D25189CEB3FC /* ListnrUITests.swift */; };
		67EFB2723EC7983518E355F7 /* PlayerEngine.swift in Sources */ = {isa = PBXBuildFile; fileRef = 5B7FD3A5275AA4C514ECD6D3 /* PlayerEngine.swift */; };
		6E4A6E398A23C987814302FE /* FolderSource.swift in Sources */ = {isa = PBXBuildFile; fileRef = 1F2E20F846C96226E71F3425 /* FolderSource.swift */; };
		7A66AA3D40F8B7FBDAAC4005 /* CameraController.swift in Sources */ = {isa = PBXBuildFile; fileRef = E1C5D1004A555C9133E240F2 /* CameraController.swift */; };
		7B1F6B4B4DD52EA5AFC2B179 /* TranscriptTests.swift in Sources */ = {isa = PBXBuildFile; fileRef = D391113B331B8C60D41110C9 /* TranscriptTests.swift */; };
		7B61C482467C159225DF50EA /* Theme.swift in Sources */ = {isa = PBXBuildFile; fileRef = B9C2E0435A24A1919545E08A /* Theme.swift */; };
		8580563189B8277C005534A8 /* LibraryFilterTests.swift in Sources */ = {isa = PBXBuildFile; fileRef = BA9093F590D7F0D69C8CB05A /* LibraryFilterTests.swift */; };
		87FA9015B439B516A6AB1CC5 /* Transcript.swift in Sources */ = {isa = PBXBuildFile; fileRef = 3FC69A2049C5F7BF342CA0C1 /* Transcript.swift */; };
		8A9D3A79956E764C89898B99 /* PageOCRTests.swift in Sources */ = {isa = PBXBuildFile; fileRef = EBD1DC61453E458B92D0AB04 /* PageOCRTests.swift */; };
		8AA3DEF92BC68A1F9AE5D362 /* LibraryIndexerTests.swift in Sources */ = {isa = PBXBuildFile; fileRef = 6C78A60C6B865C8B7EC3075C /* LibraryIndexerTests.swift */; };
		8D1A9E90857153F0947A19F4 /* Transcriber.swift in Sources */ = {isa = PBXBuildFile; fileRef = D75826EBBF69757903168EEA /* Transcriber.swift */; };
		904BA7AF6B5FAE77BB9CF2DC /* alpha.m4a in Resources */ = {isa = PBXBuildFile; fileRef = DEB0F99EA26ADA5E0A0ADEF5 /* alpha.m4a */; };
		905D7B0A9EF627A8B28BF25D /* PlayerView.swift in Sources */ = {isa = PBXBuildFile; fileRef = 055467793B9B0ECEE6373CC8 /* PlayerView.swift */; };
		939667D9BCB5E0252AC2E614 /* LibraryFilter.swift in Sources */ = {isa = PBXBuildFile; fileRef = D7F03FDF56B692E648C5AE71 /* LibraryFilter.swift */; };
		9FA6C9058CF3DAFA491C9F45 /* ScanFixture.swift in Sources */ = {isa = PBXBuildFile; fileRef = 132D97C857DE35B95D0EDA11 /* ScanFixture.swift */; };
		A799B59ADC460257364FA5BC /* ScanStateTests.swift in Sources */ = {isa = PBXBuildFile; fileRef = 812035B11E3D6BE21753264F /* ScanStateTests.swift */; };
		A96C39CFD6627D685C7F1A04 /* ChaptersWheel.swift in Sources */ = {isa = PBXBuildFile; fileRef = C5A9B60E17FF5F4574D94F3C /* ChaptersWheel.swift */; };
		AF4C7DD038F5D539B7C09054 /* FluidAudio in Frameworks */ = {isa = PBXBuildFile; productRef = A1E6946DC3AA99FE216438EC /* FluidAudio */; };
		B1E4573F4B0276F0B6EDB88D /* UnderConstructionView.swift in Sources */ = {isa = PBXBuildFile; fileRef = 7CDAD54E9F960A5511A76CD9 /* UnderConstructionView.swift */; };
		BA298C4D91ED7C35C413C061 /* AsrModelCache.swift in Sources */ = {isa = PBXBuildFile; fileRef = A32FA98CFCBE25ADCFE062B3 /* AsrModelCache.swift */; };
		CD65F365F76ECFD16B7F5849 /* TranscriberSmokeTests.swift in Sources */ = {isa = PBXBuildFile; fileRef = B50EBB59ED19AC11AB3583D7 /* TranscriberSmokeTests.swift */; };
		CFCDBC717F39119A1C2AB1D0 /* LibraryView.swift in Sources */ = {isa = PBXBuildFile; fileRef = 37D9C90162EE634FD486138B /* LibraryView.swift */; };
		D26B295833A1BC4CD3B7483B /* CoverView.swift in Sources */ = {isa = PBXBuildFile; fileRef = 6BCDF689CF9BF03D858177DD /* CoverView.swift */; };
		D4A9C5C1DE70D3A333C19D44 /* FluidAudio in Frameworks */ = {isa = PBXBuildFile; productRef = 8288F72D0EF225FF428B33CE /* FluidAudio */; };
		D982DE7E0466BF22D5F98AEF /* PageMatcher.swift in Sources */ = {isa = PBXBuildFile; fileRef = 981848CA82903BD0C1647749 /* PageMatcher.swift */; };
		E4540A9372DFC40DA148EF64 /* speech.m4b in Resources */ = {isa = PBXBuildFile; fileRef = B89FEB3A4F967789A7FC3BD6 /* speech.m4b */; };
		E5655B3992A1287F9B39DB6C /* ListnrStore.swift in Sources */ = {isa = PBXBuildFile; fileRef = E5D4A1B457C82E16B3599691 /* ListnrStore.swift */; };
		E77B7FC755570ECD7572A325 /* charlie.m4a in Resources */ = {isa = PBXBuildFile; fileRef = 895873A545837EA7DB72C474 /* charlie.m4a */; };
		E7C85D2F39E296BA13D13F13 /* chapters.m4b in Resources */ = {isa = PBXBuildFile; fileRef = 01608901160A31A541759D93 /* chapters.m4b */; };
		EBA83F01BEEC3ED0FA9676A7 /* MiniPlayerView.swift in Sources */ = {isa = PBXBuildFile; fileRef = F4178C2FB80DBF689A93EAF1 /* MiniPlayerView.swift */; };
		EBFA95129FC2D341A66AC90E /* ScanView.swift in Sources */ = {isa = PBXBuildFile; fileRef = 91F09F9BC054773FE2DF397E /* ScanView.swift */; };
		F3EECED1EA16F809835BB91C /* TranscriberChunkingTests.swift in Sources */ = {isa = PBXBuildFile; fileRef = 04D7B877976FD90BB8E2AD61 /* TranscriberChunkingTests.swift */; };
		F56530659B059AABD856E07B /* FillButton.swift in Sources */ = {isa = PBXBuildFile; fileRef = 281B477CA363DEF0103BCB35 /* FillButton.swift */; };
		FAD983641A96CCF0575D47F7 /* PageMatcherTests.swift in Sources */ = {isa = PBXBuildFile; fileRef = 0EFD1530E067AE75BAAD0A6F /* PageMatcherTests.swift */; };
		FF06CA74861C05AD32FDA8A0 /* bravo.m4a in Resources */ = {isa = PBXBuildFile; fileRef = E14B4F5EE329EC479274C3C3 /* bravo.m4a */; };
/* End PBXBuildFile section */

/* Begin PBXContainerItemProxy section */
		1A49978F793B6E658EA9AC15 /* PBXContainerItemProxy */ = {
			isa = PBXContainerItemProxy;
			containerPortal = 0145CA8664114F7CED60CACA /* Project object */;
			proxyType = 1;
			remoteGlobalIDString = 6118D22E240FA2D90A0B67CE;
			remoteInfo = Listnr;
		};
		2AC26B29F5AF354B9DF1A216 /* PBXContainerItemProxy */ = {
			isa = PBXContainerItemProxy;
			containerPortal = 0145CA8664114F7CED60CACA /* Project object */;
			proxyType = 1;
			remoteGlobalIDString = 6118D22E240FA2D90A0B67CE;
			remoteInfo = Listnr;
		};
/* End PBXContainerItemProxy section */

/* Begin PBXFileReference section */
		01608901160A31A541759D93 /* chapters.m4b */ = {isa = PBXFileReference; path = chapters.m4b; sourceTree = "<group>"; };
		04D7B877976FD90BB8E2AD61 /* TranscriberChunkingTests.swift */ = {isa = PBXFileReference; lastKnownFileType = sourcecode.swift; path = TranscriberChunkingTests.swift; sourceTree = "<group>"; };
		055467793B9B0ECEE6373CC8 /* PlayerView.swift */ = {isa = PBXFileReference; lastKnownFileType = sourcecode.swift; path = PlayerView.swift; sourceTree = "<group>"; };
		0EFD1530E067AE75BAAD0A6F /* PageMatcherTests.swift */ = {isa = PBXFileReference; lastKnownFileType = sourcecode.swift; path = PageMatcherTests.swift; sourceTree = "<group>"; };
		132D97C857DE35B95D0EDA11 /* ScanFixture.swift */ = {isa = PBXFileReference; lastKnownFileType = sourcecode.swift; path = ScanFixture.swift; sourceTree = "<group>"; };
		198370E90355873327329498 /* ListnrUITests.xctest */ = {isa = PBXFileReference; includeInIndex = 0; lastKnownFileType = wrapper.cfbundle; path = ListnrUITests.xctest; sourceTree = BUILT_PRODUCTS_DIR; };
		19F29C17986EBF56D5207384 /* NoteSheet.swift */ = {isa = PBXFileReference; lastKnownFileType = sourcecode.swift; path = NoteSheet.swift; sourceTree = "<group>"; };
		1F2E20F846C96226E71F3425 /* FolderSource.swift */ = {isa = PBXFileReference; lastKnownFileType = sourcecode.swift; path = FolderSource.swift; sourceTree = "<group>"; };
		214E28C29B8E538DF7B96740 /* PageOCR.swift */ = {isa = PBXFileReference; lastKnownFileType = sourcecode.swift; path = PageOCR.swift; sourceTree = "<group>"; };
		281B477CA363DEF0103BCB35 /* FillButton.swift */ = {isa = PBXFileReference; lastKnownFileType = sourcecode.swift; path = FillButton.swift; sourceTree = "<group>"; };
		2FB95EFA676EB7F3809FF0AA /* NoteCaptureTests.swift */ = {isa = PBXFileReference; lastKnownFileType = sourcecode.swift; path = NoteCaptureTests.swift; sourceTree = "<group>"; };
		37D9C90162EE634FD486138B /* LibraryView.swift */ = {isa = PBXFileReference; lastKnownFileType = sourcecode.swift; path = LibraryView.swift; sourceTree = "<group>"; };
		3FC69A2049C5F7BF342CA0C1 /* Transcript.swift */ = {isa = PBXFileReference; lastKnownFileType = sourcecode.swift; path = Transcript.swift; sourceTree = "<group>"; };
		42BB6D01CBDB0F9F4DADAF36 /* SleepTimerTests.swift */ = {isa = PBXFileReference; lastKnownFileType = sourcecode.swift; path = SleepTimerTests.swift; sourceTree = "<group>"; };
		43E17E8FDC89344B84C8A14F /* Assets.xcassets */ = {isa = PBXFileReference; lastKnownFileType = folder.assetcatalog; path = Assets.xcassets; sourceTree = "<group>"; };
		464E1AC84832699AF5B87704 /* AudioPlayerEngine.swift */ = {isa = PBXFileReference; lastKnownFileType = sourcecode.swift; path = AudioPlayerEngine.swift; sourceTree = "<group>"; };
		57E9171BBE750E54F02A57A8 /* LibraryIndexer.swift */ = {isa = PBXFileReference; lastKnownFileType = sourcecode.swift; path = LibraryIndexer.swift; sourceTree = "<group>"; };
		5B7FD3A5275AA4C514ECD6D3 /* PlayerEngine.swift */ = {isa = PBXFileReference; lastKnownFileType = sourcecode.swift; path = PlayerEngine.swift; sourceTree = "<group>"; };
		62C6403F7EC57912BA577B9C /* Listnr.app */ = {isa = PBXFileReference; includeInIndex = 0; lastKnownFileType = wrapper.application; path = Listnr.app; sourceTree = BUILT_PRODUCTS_DIR; };
		6BCDF689CF9BF03D858177DD /* CoverView.swift */ = {isa = PBXFileReference; lastKnownFileType = sourcecode.swift; path = CoverView.swift; sourceTree = "<group>"; };
		6C78A60C6B865C8B7EC3075C /* LibraryIndexerTests.swift */ = {isa = PBXFileReference; lastKnownFileType = sourcecode.swift; path = LibraryIndexerTests.swift; sourceTree = "<group>"; };
		7CDAD54E9F960A5511A76CD9 /* UnderConstructionView.swift */ = {isa = PBXFileReference; lastKnownFileType = sourcecode.swift; path = UnderConstructionView.swift; sourceTree = "<group>"; };
		812035B11E3D6BE21753264F /* ScanStateTests.swift */ = {isa = PBXFileReference; lastKnownFileType = sourcecode.swift; path = ScanStateTests.swift; sourceTree = "<group>"; };
		859B9A6243565825DCA316E3 /* ChapterMath.swift */ = {isa = PBXFileReference; lastKnownFileType = sourcecode.swift; path = ChapterMath.swift; sourceTree = "<group>"; };
		895873A545837EA7DB72C474 /* charlie.m4a */ = {isa = PBXFileReference; path = charlie.m4a; sourceTree = "<group>"; };
		91F09F9BC054773FE2DF397E /* ScanView.swift */ = {isa = PBXFileReference; lastKnownFileType = sourcecode.swift; path = ScanView.swift; sourceTree = "<group>"; };
		93BE013394F91F229AF8FC13 /* CoverFallbackTests.swift */ = {isa = PBXFileReference; lastKnownFileType = sourcecode.swift; path = CoverFallbackTests.swift; sourceTree = "<group>"; };
		981848CA82903BD0C1647749 /* PageMatcher.swift */ = {isa = PBXFileReference; lastKnownFileType = sourcecode.swift; path = PageMatcher.swift; sourceTree = "<group>"; };
		9FBF2B51C6415235C96F45D2 /* ListnrApp.swift */ = {isa = PBXFileReference; lastKnownFileType = sourcecode.swift; path = ListnrApp.swift; sourceTree = "<group>"; };
		A32FA98CFCBE25ADCFE062B3 /* AsrModelCache.swift */ = {isa = PBXFileReference; lastKnownFileType = sourcecode.swift; path = AsrModelCache.swift; sourceTree = "<group>"; };
		A4233A13AB0497BAA08A351A /* ImportSheet.swift */ = {isa = PBXFileReference; lastKnownFileType = sourcecode.swift; path = ImportSheet.swift; sourceTree = "<group>"; };
		AE79C55D6541D25189CEB3FC /* ListnrUITests.swift */ = {isa = PBXFileReference; lastKnownFileType = sourcecode.swift; path = ListnrUITests.swift; sourceTree = "<group>"; };
		B50EBB59ED19AC11AB3583D7 /* TranscriberSmokeTests.swift */ = {isa = PBXFileReference; lastKnownFileType = sourcecode.swift; path = TranscriberSmokeTests.swift; sourceTree = "<group>"; };
		B89FEB3A4F967789A7FC3BD6 /* speech.m4b */ = {isa = PBXFileReference; path = speech.m4b; sourceTree = "<group>"; };
		B9C2E0435A24A1919545E08A /* Theme.swift */ = {isa = PBXFileReference; lastKnownFileType = sourcecode.swift; path = Theme.swift; sourceTree = "<group>"; };
		BA9093F590D7F0D69C8CB05A /* LibraryFilterTests.swift */ = {isa = PBXFileReference; lastKnownFileType = sourcecode.swift; path = LibraryFilterTests.swift; sourceTree = "<group>"; };
		C4E1A5466D3CF279D2EDC279 /* ListnrTests.xctest */ = {isa = PBXFileReference; includeInIndex = 0; lastKnownFileType = wrapper.cfbundle; path = ListnrTests.xctest; sourceTree = BUILT_PRODUCTS_DIR; };
		C5A9B60E17FF5F4574D94F3C /* ChaptersWheel.swift */ = {isa = PBXFileReference; lastKnownFileType = sourcecode.swift; path = ChaptersWheel.swift; sourceTree = "<group>"; };
		CF68E300659D59B9D246BAC3 /* AppModel.swift */ = {isa = PBXFileReference; lastKnownFileType = sourcecode.swift; path = AppModel.swift; sourceTree = "<group>"; };
		D391113B331B8C60D41110C9 /* TranscriptTests.swift */ = {isa = PBXFileReference; lastKnownFileType = sourcecode.swift; path = TranscriptTests.swift; sourceTree = "<group>"; };
		D75826EBBF69757903168EEA /* Transcriber.swift */ = {isa = PBXFileReference; lastKnownFileType = sourcecode.swift; path = Transcriber.swift; sourceTree = "<group>"; };
		D7F03FDF56B692E648C5AE71 /* LibraryFilter.swift */ = {isa = PBXFileReference; lastKnownFileType = sourcecode.swift; path = LibraryFilter.swift; sourceTree = "<group>"; };
		D871A16A0ACECEEAED864262 /* ChapterMathTests.swift */ = {isa = PBXFileReference; lastKnownFileType = sourcecode.swift; path = ChapterMathTests.swift; sourceTree = "<group>"; };
		DB795CD55421B2E2875CCFAC /* ScanState.swift */ = {isa = PBXFileReference; lastKnownFileType = sourcecode.swift; path = ScanState.swift; sourceTree = "<group>"; };
		DEB0F99EA26ADA5E0A0ADEF5 /* alpha.m4a */ = {isa = PBXFileReference; path = alpha.m4a; sourceTree = "<group>"; };
		E14B4F5EE329EC479274C3C3 /* bravo.m4a */ = {isa = PBXFileReference; path = bravo.m4a; sourceTree = "<group>"; };
		E1C5D1004A555C9133E240F2 /* CameraController.swift */ = {isa = PBXFileReference; lastKnownFileType = sourcecode.swift; path = CameraController.swift; sourceTree = "<group>"; };
		E5D4A1B457C82E16B3599691 /* ListnrStore.swift */ = {isa = PBXFileReference; lastKnownFileType = sourcecode.swift; path = ListnrStore.swift; sourceTree = "<group>"; };
		EBD1DC61453E458B92D0AB04 /* PageOCRTests.swift */ = {isa = PBXFileReference; lastKnownFileType = sourcecode.swift; path = PageOCRTests.swift; sourceTree = "<group>"; };
		ECC7E8845BFF03910E8D5585 /* Models.swift */ = {isa = PBXFileReference; lastKnownFileType = sourcecode.swift; path = Models.swift; sourceTree = "<group>"; };
		F4178C2FB80DBF689A93EAF1 /* MiniPlayerView.swift */ = {isa = PBXFileReference; lastKnownFileType = sourcecode.swift; path = MiniPlayerView.swift; sourceTree = "<group>"; };
/* End PBXFileReference section */

/* Begin PBXFrameworksBuildPhase section */
		9B0D1741EA0E25F2AA9DEE1A /* Frameworks */ = {
			isa = PBXFrameworksBuildPhase;
			buildActionMask = 2147483647;
			files = (
				D4A9C5C1DE70D3A333C19D44 /* FluidAudio in Frameworks */,
			);
			runOnlyForDeploymentPostprocessing = 0;
		};
		F40805E576E9EDF1941C30E7 /* Frameworks */ = {
			isa = PBXFrameworksBuildPhase;
			buildActionMask = 2147483647;
			files = (
				AF4C7DD038F5D539B7C09054 /* FluidAudio in Frameworks */,
			);
			runOnlyForDeploymentPostprocessing = 0;
		};
/* End PBXFrameworksBuildPhase section */

/* Begin PBXGroup section */
		03CDB8B971F51D140A2F11E5 /* Construction */ = {
			isa = PBXGroup;
			children = (
				7CDAD54E9F960A5511A76CD9 /* UnderConstructionView.swift */,
			);
			path = Construction;
			sourceTree = "<group>";
		};
		0C4EF6116C8CB8647F98BB59 /* App */ = {
			isa = PBXGroup;
			children = (
				AC9BBAAFE3373715993F0A02 /* Resources */,
				43DAD8C0C73B726657B7FC9B /* Sources */,
			);
			path = App;
			sourceTree = "<group>";
		};
		110FF9D68427AA5890AAE74A /* Kit */ = {
			isa = PBXGroup;
			children = (
				464E1AC84832699AF5B87704 /* AudioPlayerEngine.swift */,
				859B9A6243565825DCA316E3 /* ChapterMath.swift */,
				6BCDF689CF9BF03D858177DD /* CoverView.swift */,
				D7F03FDF56B692E648C5AE71 /* LibraryFilter.swift */,
				ECC7E8845BFF03910E8D5585 /* Models.swift */,
				5B7FD3A5275AA4C514ECD6D3 /* PlayerEngine.swift */,
			);
			path = Kit;
			sourceTree = "<group>";
		};
		29A88EA699FB894BC2F5086D /* Tests */ = {
			isa = PBXGroup;
			children = (
				540DA26B7E2D2DEF7B2016A0 /* UI */,
				89D19EECAC14DF44D544C5F9 /* Unit */,
			);
			path = Tests;
			sourceTree = "<group>";
		};
		43DAD8C0C73B726657B7FC9B /* Sources */ = {
			isa = PBXGroup;
			children = (
				CF68E300659D59B9D246BAC3 /* AppModel.swift */,
				9FBF2B51C6415235C96F45D2 /* ListnrApp.swift */,
				B9C2E0435A24A1919545E08A /* Theme.swift */,
				03CDB8B971F51D140A2F11E5 /* Construction */,
				A8E20ABFCD0B3AD18D3244FB /* Import */,
				110FF9D68427AA5890AAE74A /* Kit */,
				D57117DAAE96FDFB60FAE669 /* Library */,
				AE12C650064DCD1E32F896F7 /* Player */,
				70F97604F5ED4DBC9625CA5D /* Scan */,
				ACDB1E388958C0EE2265F04B /* Store */,
				EE9DF8D0011809019119E0FE /* Transcript */,
			);
			path = Sources;
			sourceTree = "<group>";
		};
		540DA26B7E2D2DEF7B2016A0 /* UI */ = {
			isa = PBXGroup;
			children = (
				AE79C55D6541D25189CEB3FC /* ListnrUITests.swift */,
			);
			path = UI;
			sourceTree = "<group>";
		};
		6AF990656DD036C3A5AD229D = {
			isa = PBXGroup;
			children = (
				0C4EF6116C8CB8647F98BB59 /* App */,
				718FAD720ADC3C6C6467D3C7 /* Fixtures */,
				29A88EA699FB894BC2F5086D /* Tests */,
				E23E9DBCDF0D4E8DC1E97A0C /* Products */,
			);
			sourceTree = "<group>";
		};
		70F97604F5ED4DBC9625CA5D /* Scan */ = {
			isa = PBXGroup;
			children = (
				A32FA98CFCBE25ADCFE062B3 /* AsrModelCache.swift */,
				E1C5D1004A555C9133E240F2 /* CameraController.swift */,
				281B477CA363DEF0103BCB35 /* FillButton.swift */,
				214E28C29B8E538DF7B96740 /* PageOCR.swift */,
				132D97C857DE35B95D0EDA11 /* ScanFixture.swift */,
				DB795CD55421B2E2875CCFAC /* ScanState.swift */,
				91F09F9BC054773FE2DF397E /* ScanView.swift */,
			);
			path = Scan;
			sourceTree = "<group>";
		};
		718FAD720ADC3C6C6467D3C7 /* Fixtures */ = {
			isa = PBXGroup;
			children = (
				DEB0F99EA26ADA5E0A0ADEF5 /* alpha.m4a */,
				E14B4F5EE329EC479274C3C3 /* bravo.m4a */,
				01608901160A31A541759D93 /* chapters.m4b */,
				895873A545837EA7DB72C474 /* charlie.m4a */,
				B89FEB3A4F967789A7FC3BD6 /* speech.m4b */,
			);
			path = Fixtures;
			sourceTree = "<group>";
		};
		89D19EECAC14DF44D544C5F9 /* Unit */ = {
			isa = PBXGroup;
			children = (
				D871A16A0ACECEEAED864262 /* ChapterMathTests.swift */,
				93BE013394F91F229AF8FC13 /* CoverFallbackTests.swift */,
				BA9093F590D7F0D69C8CB05A /* LibraryFilterTests.swift */,
				6C78A60C6B865C8B7EC3075C /* LibraryIndexerTests.swift */,
				2FB95EFA676EB7F3809FF0AA /* NoteCaptureTests.swift */,
				0EFD1530E067AE75BAAD0A6F /* PageMatcherTests.swift */,
				EBD1DC61453E458B92D0AB04 /* PageOCRTests.swift */,
				812035B11E3D6BE21753264F /* ScanStateTests.swift */,
				42BB6D01CBDB0F9F4DADAF36 /* SleepTimerTests.swift */,
				04D7B877976FD90BB8E2AD61 /* TranscriberChunkingTests.swift */,
				B50EBB59ED19AC11AB3583D7 /* TranscriberSmokeTests.swift */,
				D391113B331B8C60D41110C9 /* TranscriptTests.swift */,
			);
			path = Unit;
			sourceTree = "<group>";
		};
		A8E20ABFCD0B3AD18D3244FB /* Import */ = {
			isa = PBXGroup;
			children = (
				1F2E20F846C96226E71F3425 /* FolderSource.swift */,
				A4233A13AB0497BAA08A351A /* ImportSheet.swift */,
				57E9171BBE750E54F02A57A8 /* LibraryIndexer.swift */,
			);
			path = Import;
			sourceTree = "<group>";
		};
		AC9BBAAFE3373715993F0A02 /* Resources */ = {
			isa = PBXGroup;
			children = (
				43E17E8FDC89344B84C8A14F /* Assets.xcassets */,
			);
			path = Resources;
			sourceTree = "<group>";
		};
		ACDB1E388958C0EE2265F04B /* Store */ = {
			isa = PBXGroup;
			children = (
				E5D4A1B457C82E16B3599691 /* ListnrStore.swift */,
			);
			path = Store;
			sourceTree = "<group>";
		};
		AE12C650064DCD1E32F896F7 /* Player */ = {
			isa = PBXGroup;
			children = (
				C5A9B60E17FF5F4574D94F3C /* ChaptersWheel.swift */,
				F4178C2FB80DBF689A93EAF1 /* MiniPlayerView.swift */,
				19F29C17986EBF56D5207384 /* NoteSheet.swift */,
				055467793B9B0ECEE6373CC8 /* PlayerView.swift */,
			);
			path = Player;
			sourceTree = "<group>";
		};
		D57117DAAE96FDFB60FAE669 /* Library */ = {
			isa = PBXGroup;
			children = (
				37D9C90162EE634FD486138B /* LibraryView.swift */,
			);
			path = Library;
			sourceTree = "<group>";
		};
		E23E9DBCDF0D4E8DC1E97A0C /* Products */ = {
			isa = PBXGroup;
			children = (
				62C6403F7EC57912BA577B9C /* Listnr.app */,
				C4E1A5466D3CF279D2EDC279 /* ListnrTests.xctest */,
				198370E90355873327329498 /* ListnrUITests.xctest */,
			);
			name = Products;
			sourceTree = "<group>";
		};
		EE9DF8D0011809019119E0FE /* Transcript */ = {
			isa = PBXGroup;
			children = (
				981848CA82903BD0C1647749 /* PageMatcher.swift */,
				D75826EBBF69757903168EEA /* Transcriber.swift */,
				3FC69A2049C5F7BF342CA0C1 /* Transcript.swift */,
			);
			path = Transcript;
			sourceTree = "<group>";
		};
/* End PBXGroup section */

/* Begin PBXNativeTarget section */
		317C6EFC60EF2CB1260CE278 /* ListnrTests */ = {
			isa = PBXNativeTarget;
			buildConfigurationList = 6A068C61EA553B621C38DD9E /* Build configuration list for PBXNativeTarget "ListnrTests" */;
			buildPhases = (
				84B7C4C45C67958CAFD2ABE3 /* Sources */,
				300BE36EBF2FAF6B1C30FB1F /* Resources */,
				F40805E576E9EDF1941C30E7 /* Frameworks */,
			);
			buildRules = (
			);
			dependencies = (
				BCC2DBB5EEB12A956ECB1550 /* PBXTargetDependency */,
			);
			name = ListnrTests;
			packageProductDependencies = (
				A1E6946DC3AA99FE216438EC /* FluidAudio */,
			);
			productName = ListnrTests;
			productReference = C4E1A5466D3CF279D2EDC279 /* ListnrTests.xctest */;
			productType = "com.apple.product-type.bundle.unit-test";
		};
		6118D22E240FA2D90A0B67CE /* Listnr */ = {
			isa = PBXNativeTarget;
			buildConfigurationList = 9D2CC19858448D36B4DEDFFF /* Build configuration list for PBXNativeTarget "Listnr" */;
			buildPhases = (
				C460C011B93B29EA026D23E5 /* Sources */,
				7B1F85C011D3ED9E83EA5010 /* Resources */,
				9B0D1741EA0E25F2AA9DEE1A /* Frameworks */,
			);
			buildRules = (
			);
			dependencies = (
			);
			name = Listnr;
			packageProductDependencies = (
				8288F72D0EF225FF428B33CE /* FluidAudio */,
			);
			productName = Listnr;
			productReference = 62C6403F7EC57912BA577B9C /* Listnr.app */;
			productType = "com.apple.product-type.application";
		};
		764D6F718CF8A98361E083D6 /* ListnrUITests */ = {
			isa = PBXNativeTarget;
			buildConfigurationList = 13624A7CFBDB56B1125D1E0E /* Build configuration list for PBXNativeTarget "ListnrUITests" */;
			buildPhases = (
				FDB18F3BDFE01585C19A66A7 /* Sources */,
			);
			buildRules = (
			);
			dependencies = (
				6BEF2EC9D230D7FDCDCCFB54 /* PBXTargetDependency */,
			);
			name = ListnrUITests;
			packageProductDependencies = (
			);
			productName = ListnrUITests;
			productReference = 198370E90355873327329498 /* ListnrUITests.xctest */;
			productType = "com.apple.product-type.bundle.ui-testing";
		};
/* End PBXNativeTarget section */

/* Begin PBXProject section */
		0145CA8664114F7CED60CACA /* Project object */ = {
			isa = PBXProject;
			attributes = {
				BuildIndependentTargetsInParallel = YES;
				LastUpgradeCheck = 1430;
				TargetAttributes = {
					317C6EFC60EF2CB1260CE278 = {
						DevelopmentTeam = 4C8444267Z;
						ProvisioningStyle = Automatic;
					};
					6118D22E240FA2D90A0B67CE = {
						DevelopmentTeam = 4C8444267Z;
						ProvisioningStyle = Automatic;
					};
					764D6F718CF8A98361E083D6 = {
						DevelopmentTeam = 4C8444267Z;
						ProvisioningStyle = Automatic;
						TestTargetID = 6118D22E240FA2D90A0B67CE;
					};
				};
			};
			buildConfigurationList = BADD5879DEC5C0CC3B5BF18D /* Build configuration list for PBXProject "Listnr" */;
			developmentRegion = en;
			hasScannedForEncodings = 0;
			knownRegions = (
				Base,
				en,
			);
			mainGroup = 6AF990656DD036C3A5AD229D;
			minimizedProjectReferenceProxies = 1;
			packageReferences = (
				3332DEE8316C1C2F3F85C7D8 /* XCRemoteSwiftPackageReference "FluidAudio" */,
			);
			preferredProjectObjectVersion = 77;
			productRefGroup = E23E9DBCDF0D4E8DC1E97A0C /* Products */;
			projectDirPath = "";
			projectRoot = "";
			targets = (
				6118D22E240FA2D90A0B67CE /* Listnr */,
				317C6EFC60EF2CB1260CE278 /* ListnrTests */,
				764D6F718CF8A98361E083D6 /* ListnrUITests */,
			);
		};
/* End PBXProject section */

/* Begin PBXResourcesBuildPhase section */
		300BE36EBF2FAF6B1C30FB1F /* Resources */ = {
			isa = PBXResourcesBuildPhase;
			buildActionMask = 2147483647;
			files = (
				904BA7AF6B5FAE77BB9CF2DC /* alpha.m4a in Resources */,
				000A9EA01DBF154A3E552175 /* bravo.m4a in Resources */,
				4D56A2206EC8E55EBAE9AF29 /* chapters.m4b in Resources */,
				E77B7FC755570ECD7572A325 /* charlie.m4a in Resources */,
				03D692AE3AD45DC267B67636 /* speech.m4b in Resources */,
			);
			runOnlyForDeploymentPostprocessing = 0;
		};
		7B1F85C011D3ED9E83EA5010 /* Resources */ = {
			isa = PBXResourcesBuildPhase;
			buildActionMask = 2147483647;
			files = (
				274FAA8144E7DC7BFF72FE7F /* Assets.xcassets in Resources */,
				48D809D0605CAA3FAA7DFC43 /* alpha.m4a in Resources */,
				FF06CA74861C05AD32FDA8A0 /* bravo.m4a in Resources */,
				E7C85D2F39E296BA13D13F13 /* chapters.m4b in Resources */,
				502BB41AE7270EDCAB0F56C5 /* charlie.m4a in Resources */,
				E4540A9372DFC40DA148EF64 /* speech.m4b in Resources */,
			);
			runOnlyForDeploymentPostprocessing = 0;
		};
/* End PBXResourcesBuildPhase section */

/* Begin PBXSourcesBuildPhase section */
		84B7C4C45C67958CAFD2ABE3 /* Sources */ = {
			isa = PBXSourcesBuildPhase;
			buildActionMask = 2147483647;
			files = (
				4FA27872DAF11FEF55D655EB /* ChapterMathTests.swift in Sources */,
				31782C6AD9FE24E00BBCEB95 /* CoverFallbackTests.swift in Sources */,
				8580563189B8277C005534A8 /* LibraryFilterTests.swift in Sources */,
				8AA3DEF92BC68A1F9AE5D362 /* LibraryIndexerTests.swift in Sources */,
				28D864B70BE91E99333A5216 /* NoteCaptureTests.swift in Sources */,
				FAD983641A96CCF0575D47F7 /* PageMatcherTests.swift in Sources */,
				8A9D3A79956E764C89898B99 /* PageOCRTests.swift in Sources */,
				A799B59ADC460257364FA5BC /* ScanStateTests.swift in Sources */,
				38C216005B1C7A1F3A9C1236 /* SleepTimerTests.swift in Sources */,
				F3EECED1EA16F809835BB91C /* TranscriberChunkingTests.swift in Sources */,
				CD65F365F76ECFD16B7F5849 /* TranscriberSmokeTests.swift in Sources */,
				7B1F6B4B4DD52EA5AFC2B179 /* TranscriptTests.swift in Sources */,
			);
			runOnlyForDeploymentPostprocessing = 0;
		};
		C460C011B93B29EA026D23E5 /* Sources */ = {
			isa = PBXSourcesBuildPhase;
			buildActionMask = 2147483647;
			files = (
				002B9275C1F8BAF2AF1224E9 /* AppModel.swift in Sources */,
				BA298C4D91ED7C35C413C061 /* AsrModelCache.swift in Sources */,
				096F7A94BAC7A89368A02F17 /* AudioPlayerEngine.swift in Sources */,
				7A66AA3D40F8B7FBDAAC4005 /* CameraController.swift in Sources */,
				54A6BDD9BB067F156D108405 /* ChapterMath.swift in Sources */,
				A96C39CFD6627D685C7F1A04 /* ChaptersWheel.swift in Sources */,
				D26B295833A1BC4CD3B7483B /* CoverView.swift in Sources */,
				F56530659B059AABD856E07B /* FillButton.swift in Sources */,
				6E4A6E398A23C987814302FE /* FolderSource.swift in Sources */,
				127CAA9E5B24B3DF6385F8DD /* ImportSheet.swift in Sources */,
				939667D9BCB5E0252AC2E614 /* LibraryFilter.swift in Sources */,
				4F8D3C53658801565BC759FC /* LibraryIndexer.swift in Sources */,
				CFCDBC717F39119A1C2AB1D0 /* LibraryView.swift in Sources */,
				4000A45A545DCACFADB0DD14 /* ListnrApp.swift in Sources */,
				E5655B3992A1287F9B39DB6C /* ListnrStore.swift in Sources */,
				EBA83F01BEEC3ED0FA9676A7 /* MiniPlayerView.swift in Sources */,
				4A9C717E75BC4A7D3E1C2397 /* Models.swift in Sources */,
				2C28AB61C54A3B96191DE48B /* NoteSheet.swift in Sources */,
				D982DE7E0466BF22D5F98AEF /* PageMatcher.swift in Sources */,
				3A272DA9F3988FCF4A847091 /* PageOCR.swift in Sources */,
				67EFB2723EC7983518E355F7 /* PlayerEngine.swift in Sources */,
				905D7B0A9EF627A8B28BF25D /* PlayerView.swift in Sources */,
				9FA6C9058CF3DAFA491C9F45 /* ScanFixture.swift in Sources */,
				17C1574A4A84F31D49390B9F /* ScanState.swift in Sources */,
				EBFA95129FC2D341A66AC90E /* ScanView.swift in Sources */,
				7B61C482467C159225DF50EA /* Theme.swift in Sources */,
				8D1A9E90857153F0947A19F4 /* Transcriber.swift in Sources */,
				87FA9015B439B516A6AB1CC5 /* Transcript.swift in Sources */,
				B1E4573F4B0276F0B6EDB88D /* UnderConstructionView.swift in Sources */,
			);
			runOnlyForDeploymentPostprocessing = 0;
		};
		FDB18F3BDFE01585C19A66A7 /* Sources */ = {
			isa = PBXSourcesBuildPhase;
			buildActionMask = 2147483647;
			files = (
				5E08C0553DAC0D3735183362 /* ListnrUITests.swift in Sources */,
			);
			runOnlyForDeploymentPostprocessing = 0;
		};
/* End PBXSourcesBuildPhase section */

/* Begin PBXTargetDependency section */
		6BEF2EC9D230D7FDCDCCFB54 /* PBXTargetDependency */ = {
			isa = PBXTargetDependency;
			target = 6118D22E240FA2D90A0B67CE /* Listnr */;
			targetProxy = 1A49978F793B6E658EA9AC15 /* PBXContainerItemProxy */;
		};
		BCC2DBB5EEB12A956ECB1550 /* PBXTargetDependency */ = {
			isa = PBXTargetDependency;
			target = 6118D22E240FA2D90A0B67CE /* Listnr */;
			targetProxy = 2AC26B29F5AF354B9DF1A216 /* PBXContainerItemProxy */;
		};
/* End PBXTargetDependency section */

/* Begin XCBuildConfiguration section */
		124A508BA3FC2389A7BEAE4B /* Debug */ = {
			isa = XCBuildConfiguration;
			buildSettings = {
				ALWAYS_SEARCH_USER_PATHS = NO;
				ASSETCATALOG_COMPILER_GENERATE_SWIFT_ASSET_SYMBOL_EXTENSIONS = YES;
				CLANG_ANALYZER_NONNULL = YES;
				CLANG_ANALYZER_NUMBER_OBJECT_CONVERSION = YES_AGGRESSIVE;
				CLANG_CXX_LANGUAGE_STANDARD = "gnu++14";
				CLANG_CXX_LIBRARY = "libc++";
				CLANG_ENABLE_MODULES = YES;
				CLANG_ENABLE_OBJC_ARC = YES;
				CLANG_ENABLE_OBJC_WEAK = YES;
				CLANG_WARN_BLOCK_CAPTURE_AUTORELEASING = YES;
				CLANG_WARN_BOOL_CONVERSION = YES;
				CLANG_WARN_COMMA = YES;
				CLANG_WARN_CONSTANT_CONVERSION = YES;
				CLANG_WARN_DEPRECATED_OBJC_IMPLEMENTATIONS = YES;
				CLANG_WARN_DIRECT_OBJC_ISA_USAGE = YES_ERROR;
				CLANG_WARN_DOCUMENTATION_COMMENTS = YES;
				CLANG_WARN_EMPTY_BODY = YES;
				CLANG_WARN_ENUM_CONVERSION = YES;
				CLANG_WARN_INFINITE_RECURSION = YES;
				CLANG_WARN_INT_CONVERSION = YES;
				CLANG_WARN_NON_LITERAL_NULL_CONVERSION = YES;
				CLANG_WARN_OBJC_IMPLICIT_RETAIN_SELF = YES;
				CLANG_WARN_OBJC_LITERAL_CONVERSION = YES;
				CLANG_WARN_OBJC_ROOT_CLASS = YES_ERROR;
				CLANG_WARN_QUOTED_INCLUDE_IN_FRAMEWORK_HEADER = YES;
				CLANG_WARN_RANGE_LOOP_ANALYSIS = YES;
				CLANG_WARN_STRICT_PROTOTYPES = YES;
				CLANG_WARN_SUSPICIOUS_MOVE = YES;
				CLANG_WARN_UNGUARDED_AVAILABILITY = YES_AGGRESSIVE;
				CLANG_WARN_UNREACHABLE_CODE = YES;
				CLANG_WARN__DUPLICATE_METHOD_MATCH = YES;
				CODE_SIGN_STYLE = Automatic;
				COPY_PHASE_STRIP = NO;
				DEBUG_INFORMATION_FORMAT = dwarf;
				DEVELOPMENT_TEAM = 4C8444267Z;
				ENABLE_STRICT_OBJC_MSGSEND = YES;
				ENABLE_TESTABILITY = YES;
				ENABLE_USER_SCRIPT_SANDBOXING = YES;
				GCC_C_LANGUAGE_STANDARD = gnu11;
				GCC_DYNAMIC_NO_PIC = NO;
				GCC_NO_COMMON_BLOCKS = YES;
				GCC_OPTIMIZATION_LEVEL = 0;
				GCC_PREPROCESSOR_DEFINITIONS = (
					"$(inherited)",
					"DEBUG=1",
				);
				GCC_WARN_64_TO_32_BIT_CONVERSION = YES;
				GCC_WARN_ABOUT_RETURN_TYPE = YES_ERROR;
				GCC_WARN_UNDECLARED_SELECTOR = YES;
				GCC_WARN_UNINITIALIZED_AUTOS = YES_AGGRESSIVE;
				GCC_WARN_UNUSED_FUNCTION = YES;
				GCC_WARN_UNUSED_VARIABLE = YES;
				GENERATE_INFOPLIST_FILE = NO;
				IPHONEOS_DEPLOYMENT_TARGET = 26.0;
				MTL_ENABLE_DEBUG_INFO = INCLUDE_SOURCE;
				MTL_FAST_MATH = YES;
				ONLY_ACTIVE_ARCH = YES;
				PRODUCT_NAME = "$(TARGET_NAME)";
				SDKROOT = iphoneos;
				STRING_CATALOG_GENERATE_SYMBOLS = YES;
				SWIFT_ACTIVE_COMPILATION_CONDITIONS = DEBUG;
				SWIFT_OPTIMIZATION_LEVEL = "-Onone";
				SWIFT_VERSION = 6.0;
				TARGETED_DEVICE_FAMILY = 1;
			};
			name = Debug;
		};
		374B8EE684DF2A14634A3880 /* Debug */ = {
			isa = XCBuildConfiguration;
			buildSettings = {
				ASSETCATALOG_COMPILER_APPICON_NAME = AppIcon;
				CODE_SIGN_IDENTITY = "iPhone Developer";
				INFOPLIST_FILE = App/Info.plist;
				INFOPLIST_KEY_UIApplicationSceneManifest_Generation = YES;
				LD_RUNPATH_SEARCH_PATHS = (
					"$(inherited)",
					"@executable_path/Frameworks",
				);
				PRODUCT_BUNDLE_IDENTIFIER = com.luisKisters.Listnr;
				SDKROOT = iphoneos;
				TARGETED_DEVICE_FAMILY = "1,2";
			};
			name = Debug;
		};
		629DF032002AA9B86BBCFC92 /* Debug */ = {
			isa = XCBuildConfiguration;
			buildSettings = {
				BUNDLE_LOADER = "$(TEST_HOST)";
				GENERATE_INFOPLIST_FILE = YES;
				LD_RUNPATH_SEARCH_PATHS = (
					"$(inherited)",
					"@executable_path/Frameworks",
					"@loader_path/Frameworks",
				);
				PRODUCT_BUNDLE_IDENTIFIER = com.luisKisters.ListnrUITests;
				SDKROOT = iphoneos;
				TARGETED_DEVICE_FAMILY = "1,2";
				TEST_TARGET_NAME = Listnr;
			};
			name = Debug;
		};
		7490ABBF510A411D8C0221DB /* Release */ = {
			isa = XCBuildConfiguration;
			buildSettings = {
				BUNDLE_LOADER = "$(TEST_HOST)";
				GENERATE_INFOPLIST_FILE = YES;
				LD_RUNPATH_SEARCH_PATHS = (
					"$(inherited)",
					"@executable_path/Frameworks",
					"@loader_path/Frameworks",
				);
				PRODUCT_BUNDLE_IDENTIFIER = com.luisKisters.ListnrUITests;
				SDKROOT = iphoneos;
				TARGETED_DEVICE_FAMILY = "1,2";
				TEST_TARGET_NAME = Listnr;
			};
			name = Release;
		};
		764294812B2D59A42E155624 /* Release */ = {
			isa = XCBuildConfiguration;
			buildSettings = {
				ASSETCATALOG_COMPILER_APPICON_NAME = AppIcon;
				CODE_SIGN_IDENTITY = "iPhone Developer";
				INFOPLIST_FILE = App/Info.plist;
				INFOPLIST_KEY_UIApplicationSceneManifest_Generation = YES;
				LD_RUNPATH_SEARCH_PATHS = (
					"$(inherited)",
					"@executable_path/Frameworks",
				);
				PRODUCT_BUNDLE_IDENTIFIER = com.luisKisters.Listnr;
				SDKROOT = iphoneos;
				TARGETED_DEVICE_FAMILY = "1,2";
			};
			name = Release;
		};
		7B62EB198D058392DD56BBEA /* Release */ = {
			isa = XCBuildConfiguration;
			buildSettings = {
				ALWAYS_SEARCH_USER_PATHS = NO;
				ASSETCATALOG_COMPILER_GENERATE_SWIFT_ASSET_SYMBOL_EXTENSIONS = YES;
				CLANG_ANALYZER_NONNULL = YES;
				CLANG_ANALYZER_NUMBER_OBJECT_CONVERSION = YES_AGGRESSIVE;
				CLANG_CXX_LANGUAGE_STANDARD = "gnu++14";
				CLANG_CXX_LIBRARY = "libc++";
				CLANG_ENABLE_MODULES = YES;
				CLANG_ENABLE_OBJC_ARC = YES;
				CLANG_ENABLE_OBJC_WEAK = YES;
				CLANG_WARN_BLOCK_CAPTURE_AUTORELEASING = YES;
				CLANG_WARN_BOOL_CONVERSION = YES;
				CLANG_WARN_COMMA = YES;
				CLANG_WARN_CONSTANT_CONVERSION = YES;
				CLANG_WARN_DEPRECATED_OBJC_IMPLEMENTATIONS = YES;
				CLANG_WARN_DIRECT_OBJC_ISA_USAGE = YES_ERROR;
				CLANG_WARN_DOCUMENTATION_COMMENTS = YES;
				CLANG_WARN_EMPTY_BODY = YES;
				CLANG_WARN_ENUM_CONVERSION = YES;
				CLANG_WARN_INFINITE_RECURSION = YES;
				CLANG_WARN_INT_CONVERSION = YES;
				CLANG_WARN_NON_LITERAL_NULL_CONVERSION = YES;
				CLANG_WARN_OBJC_IMPLICIT_RETAIN_SELF = YES;
				CLANG_WARN_OBJC_LITERAL_CONVERSION = YES;
				CLANG_WARN_OBJC_ROOT_CLASS = YES_ERROR;
				CLANG_WARN_QUOTED_INCLUDE_IN_FRAMEWORK_HEADER = YES;
				CLANG_WARN_RANGE_LOOP_ANALYSIS = YES;
				CLANG_WARN_STRICT_PROTOTYPES = YES;
				CLANG_WARN_SUSPICIOUS_MOVE = YES;
				CLANG_WARN_UNGUARDED_AVAILABILITY = YES_AGGRESSIVE;
				CLANG_WARN_UNREACHABLE_CODE = YES;
				CLANG_WARN__DUPLICATE_METHOD_MATCH = YES;
				CODE_SIGN_STYLE = Automatic;
				COPY_PHASE_STRIP = NO;
				DEBUG_INFORMATION_FORMAT = "dwarf-with-dsym";
				DEVELOPMENT_TEAM = 4C8444267Z;
				ENABLE_NS_ASSERTIONS = NO;
				ENABLE_STRICT_OBJC_MSGSEND = YES;
				ENABLE_USER_SCRIPT_SANDBOXING = YES;
				GCC_C_LANGUAGE_STANDARD = gnu11;
				GCC_NO_COMMON_BLOCKS = YES;
				GCC_WARN_64_TO_32_BIT_CONVERSION = YES;
				GCC_WARN_ABOUT_RETURN_TYPE = YES_ERROR;
				GCC_WARN_UNDECLARED_SELECTOR = YES;
				GCC_WARN_UNINITIALIZED_AUTOS = YES_AGGRESSIVE;
				GCC_WARN_UNUSED_FUNCTION = YES;
				GCC_WARN_UNUSED_VARIABLE = YES;
				GENERATE_INFOPLIST_FILE = NO;
				IPHONEOS_DEPLOYMENT_TARGET = 26.0;
				MTL_ENABLE_DEBUG_INFO = NO;
				MTL_FAST_MATH = YES;
				PRODUCT_NAME = "$(TARGET_NAME)";
				SDKROOT = iphoneos;
				STRING_CATALOG_GENERATE_SYMBOLS = YES;
				SWIFT_COMPILATION_MODE = wholemodule;
				SWIFT_OPTIMIZATION_LEVEL = "-O";
				SWIFT_VERSION = 6.0;
				TARGETED_DEVICE_FAMILY = 1;
			};
			name = Release;
		};
		C0DF9FB5E164236AEA4688AC /* Debug */ = {
			isa = XCBuildConfiguration;
			buildSettings = {
				BUNDLE_LOADER = "$(TEST_HOST)";
				GENERATE_INFOPLIST_FILE = YES;
				LD_RUNPATH_SEARCH_PATHS = (
					"$(inherited)",
					"@executable_path/Frameworks",
					"@loader_path/Frameworks",
				);
				PRODUCT_BUNDLE_IDENTIFIER = com.luisKisters.ListnrTests;
				SDKROOT = iphoneos;
				TARGETED_DEVICE_FAMILY = "1,2";
				TEST_HOST = "$(BUILT_PRODUCTS_DIR)/Listnr.app/Listnr";
			};
			name = Debug;
		};
		C6FB3508A40E14E50E3373B5 /* Release */ = {
			isa = XCBuildConfiguration;
			buildSettings = {
				BUNDLE_LOADER = "$(TEST_HOST)";
				GENERATE_INFOPLIST_FILE = YES;
				LD_RUNPATH_SEARCH_PATHS = (
					"$(inherited)",
					"@executable_path/Frameworks",
					"@loader_path/Frameworks",
				);
				PRODUCT_BUNDLE_IDENTIFIER = com.luisKisters.ListnrTests;
				SDKROOT = iphoneos;
				TARGETED_DEVICE_FAMILY = "1,2";
				TEST_HOST = "$(BUILT_PRODUCTS_DIR)/Listnr.app/Listnr";
			};
			name = Release;
		};
/* End XCBuildConfiguration section */

/* Begin XCConfigurationList section */
		13624A7CFBDB56B1125D1E0E /* Build configuration list for PBXNativeTarget "ListnrUITests" */ = {
			isa = XCConfigurationList;
			buildConfigurations = (
				629DF032002AA9B86BBCFC92 /* Debug */,
				7490ABBF510A411D8C0221DB /* Release */,
			);
			defaultConfigurationIsVisible = 0;
			defaultConfigurationName = Debug;
		};
		6A068C61EA553B621C38DD9E /* Build configuration list for PBXNativeTarget "ListnrTests" */ = {
			isa = XCConfigurationList;
			buildConfigurations = (
				C0DF9FB5E164236AEA4688AC /* Debug */,
				C6FB3508A40E14E50E3373B5 /* Release */,
			);
			defaultConfigurationIsVisible = 0;
			defaultConfigurationName = Debug;
		};
		9D2CC19858448D36B4DEDFFF /* Build configuration list for PBXNativeTarget "Listnr" */ = {
			isa = XCConfigurationList;
			buildConfigurations = (
				374B8EE684DF2A14634A3880 /* Debug */,
				764294812B2D59A42E155624 /* Release */,
			);
			defaultConfigurationIsVisible = 0;
			defaultConfigurationName = Debug;
		};
		BADD5879DEC5C0CC3B5BF18D /* Build configuration list for PBXProject "Listnr" */ = {
			isa = XCConfigurationList;
			buildConfigurations = (
				124A508BA3FC2389A7BEAE4B /* Debug */,
				7B62EB198D058392DD56BBEA /* Release */,
			);
			defaultConfigurationIsVisible = 0;
			defaultConfigurationName = Debug;
		};
/* End XCConfigurationList section */

/* Begin XCRemoteSwiftPackageReference section */
		3332DEE8316C1C2F3F85C7D8 /* XCRemoteSwiftPackageReference "FluidAudio" */ = {
			isa = XCRemoteSwiftPackageReference;
			repositoryURL = "https://github.com/FluidInference/FluidAudio";
			requirement = {
				kind = upToNextMinorVersion;
				minimumVersion = 0.15.6;
			};
		};
/* End XCRemoteSwiftPackageReference section */

/* Begin XCSwiftPackageProductDependency section */
		8288F72D0EF225FF428B33CE /* FluidAudio */ = {
			isa = XCSwiftPackageProductDependency;
			package = 3332DEE8316C1C2F3F85C7D8 /* XCRemoteSwiftPackageReference "FluidAudio" */;
			productName = FluidAudio;
		};
		A1E6946DC3AA99FE216438EC /* FluidAudio */ = {
			isa = XCSwiftPackageProductDependency;
			package = 3332DEE8316C1C2F3F85C7D8 /* XCRemoteSwiftPackageReference "FluidAudio" */;
			productName = FluidAudio;
		};
/* End XCSwiftPackageProductDependency section */
	};
	rootObject = 0145CA8664114F7CED60CACA /* Project object */;
}
